
Microsoft Visual Studio Solution File, Format Version 12.00
# Visual Studio Version 16
VisualStudioVersion = 16.0.31605.320
MinimumVisualStudioVersion = 10.0.40219.1
Project("{FAE04EC0-301F-11D3-BF4B-00C04F79EFBC}") = "OTUS.Prototype_Pattern", "OTUS.Prototype_Pattern\OTUS.Prototype_Pattern.csproj", "{A183F11C-F41B-4A1B-8914-EF0E53DEDF17}"
EndProject
Global
	GlobalSection(SolutionConfigurationPlatforms) = preSolution
		Debug|Any CPU = Debug|Any CPU
		Release|Any CPU = Release|Any CPU
	EndGlobalSection
	GlobalSection(ProjectConfigurationPlatforms) = postSolution
		{A183F11C-F41B-4A1B-8914-EF0E53DEDF17}.Debug|Any CPU.ActiveCfg = Debug|Any CPU
		{A183F11C-F41B-4A1B-8914-EF0E53DEDF17}.Debug|Any CPU.Build.0 = Debug|Any CPU
		{A183F11C-F41B-4A1B-8914-EF0E53DEDF17}.Release|Any CPU.ActiveCfg = Release|Any CPU
		{A183F11C-F41B-4A1B-8914-EF0E53DEDF17}.Release|Any CPU.Build.0 = Release|Any CPU
	EndGlobalSection
	GlobalSection(SolutionProperties) = preSolution
		HideSolutionNode = FALSE
	EndGlobalSection
	GlobalSection(ExtensibilityGlobals) = postSolution
		SolutionGuid = {4D838CE3-DB73-441F-B93C-EF5192A3C2F6}
	EndGlobalSection
EndGlobal
